Microsoft Visual Studio Solution File, Format Version 12.00
# Visual Studio 14
VisualStudioVersion = 14.0.25420.1
MinimumVisualStudioVersion = 10.0.40219.1
Project("{8BC9CEB8-8B4A-11D0-8D11-00A0C91BC942}") = "CORE_bzlib", "bzlib\CORE_bzlib_StaticMT.vcxproj", "{4D064B06-1716-4E17-90D2-38F2C9E7C55F}"
EndProject
Project("{8BC9CEB8-8B4A-11D0-8D11-00A0C91BC942}") = "CORE_coders", "coders\CORE_coders_StaticMT.vcxproj", "{57515395-A200-4EA4-80E6-988AF71F37F8}"
EndProject
Project("{8BC9CEB8-8B4A-11D0-8D11-00A0C91BC942}") = "CORE_ffi", "ffi\CORE_ffi_StaticMT.vcxproj", "{472317A5-C13A-4DEE-957C-80F13648596E}"
EndProject
Project("{8BC9CEB8-8B4A-11D0-8D11-00A0C91BC942}") = "CORE_filters", "filters\CORE_filters_StaticMT.vcxproj", "{940293CF-734C-4BED-9B18-046F864FA2CC}"
EndProject
Project("{8BC9CEB8-8B4A-11D0-8D11-00A0C91BC942}") = "CORE_jpeg", "jpeg\CORE_jpeg_StaticMT.vcxproj", "{4AAF3635-D863-4455-8C22-16716DC7E780}"
EndProject
Project("{8BC9CEB8-8B4A-11D0-8D11-00A0C91BC942}") = "CORE_lcms", "lcms\CORE_lcms_StaticMT.vcxproj", "{7CD50463-28F8-42A0-8120-55B56121B497}"
EndProject
Project("{8BC9CEB8-8B4A-11D0-8D11-00A0C91BC942}") = "CORE_libxml", "libxml\CORE_libxml_StaticMT.vcxproj", "{2ECF73A0-7DF3-4115-BAA7-5F89E4EADB97}"
EndProject
Project("{8BC9CEB8-8B4A-11D0-8D11-00A0C91BC942}") = "CORE_Magick++", "Magick++\CORE_Magick++_StaticMT.vcxproj", "{F3414A03-9D85-4AF7-A382-02C96EB50B37}"
EndProject
Project("{8BC9CEB8-8B4A-11D0-8D11-00A0C91BC942}") = "CORE_MagickCore", "MagickCore\CORE_MagickCore_StaticMT.vcxproj", "{CE0A66B4-5C22-41BF-BDC8-0E8ED73DF2C2}"
EndProject
Project("{8BC9CEB8-8B4A-11D0-8D11-00A0C91BC942}") = "CORE_MagickWand", "MagickWand\CORE_MagickWand_StaticMT.vcxproj", "{4D6FD339-8564-4C36-8F5E-7999B39A395C}"
EndProject
Project("{8BC9CEB8-8B4A-11D0-8D11-00A0C91BC942}") = "CORE_png", "png\CORE_png_StaticMT.vcxproj", "{37749349-95E1-4562-B208-549E27F01052}"
EndProject
Project("{8BC9CEB8-8B4A-11D0-8D11-00A0C91BC942}") = "CORE_tiff", "tiff\CORE_tiff_StaticMT.vcxproj", "{AD154A20-50C3-4A5A-AE9E-762BF0243E83}"
EndProject
Project("{8BC9CEB8-8B4A-11D0-8D11-00A0C91BC942}") = "CORE_zlib", "zlib\CORE_zlib_StaticMT.vcxproj", "{AE173116-234E-43D4-A3A5-16AE700059E0}"
EndProject
Global
	GlobalSection(SolutionConfigurationPlatforms) = preSolution
		Debug|x64 = Debug|x64
		Release|x64 = Release|x64
	EndGlobalSection
	GlobalSection(ProjectConfigurationPlatforms) = postSolution
		{4D064B06-1716-4E17-90D2-38F2C9E7C55F}.Debug|x64.ActiveCfg = Debug|x64
		{4D064B06-1716-4E17-90D2-38F2C9E7C55F}.Debug|x64.Build.0 = Debug|x64
		{4D064B06-1716-4E17-90D2-38F2C9E7C55F}.Release|x64.ActiveCfg = Release|x64
		{4D064B06-1716-4E17-90D2-38F2C9E7C55F}.Release|x64.Build.0 = Release|x64
		{57515395-A200-4EA4-80E6-988AF71F37F8}.Debug|x64.ActiveCfg = Debug|x64
		{57515395-A200-4EA4-80E6-988AF71F37F8}.Debug|x64.Build.0 = Debug|x64
		{57515395-A200-4EA4-80E6-988AF71F37F8}.Release|x64.ActiveCfg = Release|x64
		{57515395-A200-4EA4-80E6-988AF71F37F8}.Release|x64.Build.0 = Release|x64
		{472317A5-C13A-4DEE-957C-80F13648596E}.Debug|x64.ActiveCfg = Debug|x64
		{472317A5-C13A-4DEE-957C-80F13648596E}.Debug|x64.Build.0 = Debug|x64
		{472317A5-C13A-4DEE-957C-80F13648596E}.Release|x64.ActiveCfg = Release|x64
		{472317A5-C13A-4DEE-957C-80F13648596E}.Release|x64.Build.0 = Release|x64
		{940293CF-734C-4BED-9B18-046F864FA2CC}.Debug|x64.ActiveCfg = Debug|x64
		{940293CF-734C-4BED-9B18-046F864FA2CC}.Debug|x64.Build.0 = Debug|x64
		{940293CF-734C-4BED-9B18-046F864FA2CC}.Release|x64.ActiveCfg = Release|x64
		{940293CF-734C-4BED-9B18-046F864FA2CC}.Release|x64.Build.0 = Release|x64
		{4AAF3635-D863-4455-8C22-16716DC7E780}.Debug|x64.ActiveCfg = Debug|x64
		{4AAF3635-D863-4455-8C22-16716DC7E780}.Debug|x64.Build.0 = Debug|x64
		{4AAF3635-D863-4455-8C22-16716DC7E780}.Release|x64.ActiveCfg = Release|x64
		{4AAF3635-D863-4455-8C22-16716DC7E780}.Release|x64.Build.0 = Release|x64
		{7CD50463-28F8-42A0-8120-55B56121B497}.Debug|x64.ActiveCfg = Debug|x64
		{7CD50463-28F8-42A0-8120-55B56121B497}.Debug|x64.Build.0 = Debug|x64
		{7CD50463-28F8-42A0-8120-55B56121B497}.Release|x64.ActiveCfg = Release|x64
		{7CD50463-28F8-42A0-8120-55B56121B497}.Release|x64.Build.0 = Release|x64
		{2ECF73A0-7DF3-4115-BAA7-5F89E4EADB97}.Debug|x64.ActiveCfg = Debug|x64
		{2ECF73A0-7DF3-4115-BAA7-5F89E4EADB97}.Debug|x64.Build.0 = Debug|x64
		{2ECF73A0-7DF3-4115-BAA7-5F89E4EADB97}.Release|x64.ActiveCfg = Release|x64
		{2ECF73A0-7DF3-4115-BAA7-5F89E4EADB97}.Release|x64.Build.0 = Release|x64
		{F3414A03-9D85-4AF7-A382-02C96EB50B37}.Debug|x64.ActiveCfg = Debug|x64
		{F3414A03-9D85-4AF7-A382-02C96EB50B37}.Debug|x64.Build.0 = Debug|x64
		{F3414A03-9D85-4AF7-A382-02C96EB50B37}.Release|x64.ActiveCfg = Release|x64
		{F3414A03-9D85-4AF7-A382-02C96EB50B37}.Release|x64.Build.0 = Release|x64
		{CE0A66B4-5C22-41BF-BDC8-0E8ED73DF2C2}.Debug|x64.ActiveCfg = Debug|x64
		{CE0A66B4-5C22-41BF-BDC8-0E8ED73DF2C2}.Debug|x64.Build.0 = Debug|x64
		{CE0A66B4-5C22-41BF-BDC8-0E8ED73DF2C2}.Release|x64.ActiveCfg = Release|x64
		{CE0A66B4-5C22-41BF-BDC8-0E8ED73DF2C2}.Release|x64.Build.0 = Release|x64
		{4D6FD339-8564-4C36-8F5E-7999B39A395C}.Debug|x64.ActiveCfg = Debug|x64
		{4D6FD339-8564-4C36-8F5E-7999B39A395C}.Debug|x64.Build.0 = Debug|x64
		{4D6FD339-8564-4C36-8F5E-7999B39A395C}.Release|x64.ActiveCfg = Release|x64
		{4D6FD339-8564-4C36-8F5E-7999B39A395C}.Release|x64.Build.0 = Release|x64
		{37749349-95E1-4562-B208-549E27F01052}.Debug|x64.ActiveCfg = Debug|x64
		{37749349-95E1-4562-B208-549E27F01052}.Debug|x64.Build.0 = Debug|x64
		{37749349-95E1-4562-B208-549E27F01052}.Release|x64.ActiveCfg = Release|x64
		{37749349-95E1-4562-B208-549E27F01052}.Release|x64.Build.0 = Release|x64
		{AD154A20-50C3-4A5A-AE9E-762BF0243E83}.Debug|x64.ActiveCfg = Debug|x64
		{AD154A20-50C3-4A5A-AE9E-762BF0243E83}.Debug|x64.Build.0 = Debug|x64
		{AD154A20-50C3-4A5A-AE9E-762BF0243E83}.Release|x64.ActiveCfg = Release|x64
		{AD154A20-50C3-4A5A-AE9E-762BF0243E83}.Release|x64.Build.0 = Release|x64
		{AE173116-234E-43D4-A3A5-16AE700059E0}.Debug|x64.ActiveCfg = Debug|x64
		{AE173116-234E-43D4-A3A5-16AE700059E0}.Debug|x64.Build.0 = Debug|x64
		{AE173116-234E-43D4-A3A5-16AE700059E0}.Release|x64.ActiveCfg = Release|x64
		{AE173116-234E-43D4-A3A5-16AE700059E0}.Release|x64.Build.0 = Release|x64
	EndGlobalSection
	GlobalSection(SolutionProperties) = preSolution
		HideSolutionNode = FALSE
	EndGlobalSection
EndGlobal
